{
    "version": "0.5",
    "requires": [
        "spdlog/1.15.0#da21f74dd84627fa68601c4e3b9c3f00%1731353167.297",
        "fmt/11.0.2#b4a24d70b93466b9b508ddb7b014643b%1735899162.196",
        "catch2/3.8.0#2c87b60d2c85f3c8509bb209f37cbf67%1736250254.537"
    ],
    "build_requires": [
        "ninja/1.12.1#fd583651bf0c6a901943495d49878803%1724079877.609",
        "cmake/3.31.3#8733a6094cad0031a30ddbd1e6055117%1735557487.463"
    ],
    "python_requires": [],
    "config_requires": []
}